
Microsoft Visual Studio Solution File, Format Version 12.00
# Visual Studio Version 16
VisualStudioVersion = 16.0.31424.327
MinimumVisualStudioVersion = 10.0.40219.1
Project("{9A19103F-16F7-4668-BE54-9A1E7A4F7556}") = "Utility", "Utility.csproj", "{E97D4009-25D5-4AC9-B907-F4B144DBC163}"
EndProject
Project("{FAE04EC0-301F-11D3-BF4B-00C04F79EFBC}") = "DataModels", "DataModels\DataModels.csproj", "{DE25CC6E-9187-4501-9647-1574485036ED}"
EndProject
Global
	GlobalSection(SolutionConfigurationPlatforms) = preSolution
		Debug|Any CPU = Debug|Any CPU
		Release|Any CPU = Release|Any CPU
	EndGlobalSection
	GlobalSection(ProjectConfigurationPlatforms) = postSolution
		{E97D4009-25D5-4AC9-B907-F4B144DBC163}.Debug|Any CPU.ActiveCfg = Debug|Any CPU
		{E97D4009-25D5-4AC9-B907-F4B144DBC163}.Debug|Any CPU.Build.0 = Debug|Any CPU
		{E97D4009-25D5-4AC9-B907-F4B144DBC163}.Release|Any CPU.ActiveCfg = Release|Any CPU
		{E97D4009-25D5-4AC9-B907-F4B144DBC163}.Release|Any CPU.Build.0 = Release|Any CPU
		{DE25CC6E-9187-4501-9647-1574485036ED}.Debug|Any CPU.ActiveCfg = Debug|Any CPU
		{DE25CC6E-9187-4501-9647-1574485036ED}.Debug|Any CPU.Build.0 = Debug|Any CPU
		{DE25CC6E-9187-4501-9647-1574485036ED}.Release|Any CPU.ActiveCfg = Release|Any CPU
		{DE25CC6E-9187-4501-9647-1574485036ED}.Release|Any CPU.Build.0 = Release|Any CPU
	EndGlobalSection
	GlobalSection(SolutionProperties) = preSolution
		HideSolutionNode = FALSE
	EndGlobalSection
	GlobalSection(ExtensibilityGlobals) = postSolution
		SolutionGuid = {DE369D57-FAB3-4366-869D-5516CAF248AC}
	EndGlobalSection
EndGlobal
